
Microsoft Visual Studio Solution File, Format Version 12.00
# Visual Studio 2017
Project("{FAE04EC0-301F-11D3-BF4B-00C04F79EFBC}") = "Zombie_Shooter", "Zombie_Shooter.csproj", "{86B3706D-A5F2-1EA7-71D4-3A700CD82106}"
EndProject
Global
	GlobalSection(SolutionConfigurationPlatforms) = preSolution
		Debug|Any CPU = Debug|Any CPU
		Release|Any CPU = Release|Any CPU
	EndGlobalSection
	GlobalSection(ProjectConfigurationPlatforms) = postSolution
		{86B3706D-A5F2-1EA7-71D4-3A700CD82106}.Debug|Any CPU.ActiveCfg = Debug|Any CPU
		{86B3706D-A5F2-1EA7-71D4-3A700CD82106}.Debug|Any CPU.Build.0 = Debug|Any CPU
		{86B3706D-A5F2-1EA7-71D4-3A700CD82106}.Release|Any CPU.ActiveCfg = Release|Any CPU
		{86B3706D-A5F2-1EA7-71D4-3A700CD82106}.Release|Any CPU.Build.0 = Release|Any CPU
	EndGlobalSection
	GlobalSection(SolutionProperties) = preSolution
		HideSolutionNode = FALSE
	EndGlobalSection
EndGlobal
